<?xml version="1.0" encoding="utf-8"?>
<Project ToolsVersion="4.0" xmlns="http://schemas.microsoft.com/developer/msbuild/2003">
  <ItemGroup>
    <Filter Include="src">
      <UniqueIdentifier>{bbaa5604-a243-41ea-8381-e7015bbc1868}</UniqueIdentifier>
    </Filter>
    <Filter Include="include">
      <UniqueIdentifier>{67d22870-848c-49fb-b909-f0a4449a010b}</UniqueIdentifier>
    </Filter>
  </ItemGroup>
  <ItemGroup>
    <ClCompile Include="..\src\sqlite3.c">
      <Filter>src</Filter>
    </ClCompile>
  </ItemGroup>
  <ItemGroup>
    <ClInclude Include="..\include\sqlite3.h">
      <Filter>include</Filter>
    </ClInclude>
    <ClInclude Include="..\include\sqlite3ext.h">
      <Filter>include</Filter>
    </ClInclude>
  </ItemGroup>
</Project>